// !$*UTF8*$!
{
	archiveVersion = 1;
	classes = {
	};
	objectVersion = 46;
	objects = {

/* Begin PBXBuildFile section */
		521223241A20102F00466623 /* ViewController.m in Sources */ = {isa = PBXBuildFile; fileRef = 521223231A20102F00466623 /* ViewController.m */; };
		521223821A201CA800466623 /* AFHTTPRequestOperation.m in Sources */ = {isa = PBXBuildFile; fileRef = 5212235E1A201CA800466623 /* AFHTTPRequestOperation.m */; };
		521223831A201CA800466623 /* AFHTTPRequestOperationManager.m in Sources */ = {isa = PBXBuildFile; fileRef = 521223601A201CA800466623 /* AFHTTPRequestOperationManager.m */; };
		521223841A201CA800466623 /* AFHTTPSessionManager.m in Sources */ = {isa = PBXBuildFile; fileRef = 521223621A201CA800466623 /* AFHTTPSessionManager.m */; };
		521223851A201CA800466623 /* AFNetworkReachabilityManager.m in Sources */ = {isa = PBXBuildFile; fileRef = 521223651A201CA800466623 /* AFNetworkReachabilityManager.m */; };
		521223861A201CA800466623 /* AFSecurityPolicy.m in Sources */ = {isa = PBXBuildFile; fileRef = 521223671A201CA800466623 /* AFSecurityPolicy.m */; };
		521223871A201CA800466623 /* AFURLConnectionOperation.m in Sources */ = {isa = PBXBuildFile; fileRef = 521223691A201CA800466623 /* AFURLConnectionOperation.m */; };
		521223881A201CA800466623 /* AFURLRequestSerialization.m in Sources */ = {isa = PBXBuildFile; fileRef = 5212236B1A201CA800466623 /* AFURLRequestSerialization.m */; };
		521223891A201CA800466623 /* AFURLResponseSerialization.m in Sources */ = {isa = PBXBuildFile; fileRef = 5212236D1A201CA800466623 /* AFURLResponseSerialization.m */; };
		5212238A1A201CA800466623 /* AFURLSessionManager.m in Sources */ = {isa = PBXBuildFile; fileRef = 5212236F1A201CA800466623 /* AFURLSessionManager.m */; };
		5212238B1A201CA800466623 /* AFNetworkActivityIndicatorManager.m in Sources */ = {isa = PBXBuildFile; fileRef = 521223721A201CA800466623 /* AFNetworkActivityIndicatorManager.m */; };
		5212238C1A201CA800466623 /* UIActivityIndicatorView+AFNetworking.m in Sources */ = {isa = PBXBuildFile; fileRef = 521223741A201CA800466623 /* UIActivityIndicatorView+AFNetworking.m */; };
		5212238D1A201CA800466623 /* UIAlertView+AFNetworking.m in Sources */ = {isa = PBXBuildFile; fileRef = 521223761A201CA800466623 /* UIAlertView+AFNetworking.m */; };
		5212238E1A201CA800466623 /* UIButton+AFNetworking.m in Sources */ = {isa = PBXBuildFile; fileRef = 521223781A201CA800466623 /* UIButton+AFNetworking.m */; };
		5212238F1A201CA800466623 /* UIImageView+AFNetworking.m in Sources */ = {isa = PBXBuildFile; fileRef = 5212237A1A201CA800466623 /* UIImageView+AFNetworking.m */; };
		521223901A201CA800466623 /* UIProgressView+AFNetworking.m in Sources */ = {isa = PBXBuildFile; fileRef = 5212237D1A201CA800466623 /* UIProgressView+AFNetworking.m */; };
		521223911A201CA800466623 /* UIRefreshControl+AFNetworking.m in Sources */ = {isa = PBXBuildFile; fileRef = 5212237F1A201CA800466623 /* UIRefreshControl+AFNetworking.m */; };
		521223921A201CA800466623 /* UIWebView+AFNetworking.m in Sources */ = {isa = PBXBuildFile; fileRef = 521223811A201CA800466623 /* UIWebView+AFNetworking.m */; };
		521223951A20278300466623 /* VerifyViewController.m in Sources */ = {isa = PBXBuildFile; fileRef = 521223941A20278300466623 /* VerifyViewController.m */; };
		52431F201A2004FA00CDBCCE /* main.m in Sources */ = {isa = PBXBuildFile; fileRef = 52431F1F1A2004FA00CDBCCE /* main.m */; };
		52431F231A2004FA00CDBCCE /* AppDelegate.m in Sources */ = {isa = PBXBuildFile; fileRef = 52431F221A2004FA00CDBCCE /* AppDelegate.m */; };
		52431F261A2004FA00CDBCCE /* FirstViewController.m in Sources */ = {isa = PBXBuildFile; fileRef = 52431F251A2004FA00CDBCCE /* FirstViewController.m */; };
		52431F291A2004FA00CDBCCE /* SecondViewController.m in Sources */ = {isa = PBXBuildFile; fileRef = 52431F281A2004FA00CDBCCE /* SecondViewController.m */; };
		52431F2C1A2004FA00CDBCCE /* Main.storyboard in Resources */ = {isa = PBXBuildFile; fileRef = 52431F2A1A2004FA00CDBCCE /* Main.storyboard */; };
		52431F2E1A2004FA00CDBCCE /* Images.xcassets in Resources */ = {isa = PBXBuildFile; fileRef = 52431F2D1A2004FA00CDBCCE /* Images.xcassets */; };
		52431F311A2004FB00CDBCCE /* LaunchScreen.xib in Resources */ = {isa = PBXBuildFile; fileRef = 52431F2F1A2004FB00CDBCCE /* LaunchScreen.xib */; };
		52431F3D1A2004FB00CDBCCE /* WhosHungryTests.m in Sources */ = {isa = PBXBuildFile; fileRef = 52431F3C1A2004FB00CDBCCE /* WhosHungryTests.m */; };
/* End PBXBuildFile section */

/* Begin PBXContainerItemProxy section */
		52431F371A2004FB00CDBCCE /* PBXContainerItemProxy */ = {
			isa = PBXContainerItemProxy;
			containerPortal = 52431F121A2004FA00CDBCCE /* Project object */;
			proxyType = 1;
			remoteGlobalIDString = 52431F191A2004FA00CDBCCE;
			remoteInfo = WhosHungry;
		};
/* End PBXContainerItemProxy section */

/* Begin PBXFileReference section */
		521223221A20102F00466623 /* ViewController.h */ = {isa = PBXFileReference; fileEncoding = 4; lastKnownFileType = sourcecode.c.h; path = ViewController.h; sourceTree = "<group>"; };
		521223231A20102F00466623 /* ViewController.m */ = {isa = PBXFileReference; fileEncoding = 4; lastKnownFileType = sourcecode.c.objc; path = ViewController.m; sourceTree = "<group>"; };
		5212235D1A201CA800466623 /* AFHTTPRequestOperation.h */ = {isa = PBXFileReference; fileEncoding = 4; lastKnownFileType = sourcecode.c.h; path = AFHTTPRequestOperation.h; sourceTree = "<group>"; };
		5212235E1A201CA800466623 /* AFHTTPRequestOperation.m */ = {isa = PBXFileReference; fileEncoding = 4; lastKnownFileType = sourcecode.c.objc; path = AFHTTPRequestOperation.m; sourceTree = "<group>"; };
		5212235F1A201CA800466623 /* AFHTTPRequestOperationManager.h */ = {isa = PBXFileReference; fileEncoding = 4; lastKnownFileType = sourcecode.c.h; path = AFHTTPRequestOperationManager.h; sourceTree = "<group>"; };
		521223601A201CA800466623 /* AFHTTPRequestOperationManager.m */ = {isa = PBXFileReference; fileEncoding = 4; lastKnownFileType = sourcecode.c.objc; path = AFHTTPRequestOperationManager.m; sourceTree = "<group>"; };
		521223611A201CA800466623 /* AFHTTPSessionManager.h */ = {isa = PBXFileReference; fileEncoding = 4; lastKnownFileType = sourcecode.c.h; path = AFHTTPSessionManager.h; sourceTree = "<group>"; };
		521223621A201CA800466623 /* AFHTTPSessionManager.m */ = {isa = PBXFileReference; fileEncoding = 4; lastKnownFileType = sourcecode.c.objc; path = AFHTTPSessionManager.m; sourceTree = "<group>"; };
		521223631A201CA800466623 /* AFNetworking.h */ = {isa = PBXFileReference; fileEncoding = 4; lastKnownFileType = sourcecode.c.h; path = AFNetworking.h; sourceTree = "<group>"; };
		521223641A201CA800466623 /* AFNetworkReachabilityManager.h */ = {isa = PBXFileReference; fileEncoding = 4; lastKnownFileType = sourcecode.c.h; path = AFNetworkReachabilityManager.h; sourceTree = "<group>"; };
		521223651A201CA800466623 /* AFNetworkReachabilityManager.m */ = {isa = PBXFileReference; fileEncoding = 4; lastKnownFileType = sourcecode.c.objc; path = AFNetworkReachabilityManager.m; sourceTree = "<group>"; };
		521223661A201CA800466623 /* AFSecurityPolicy.h */ = {isa = PBXFileReference; fileEncoding = 4; lastKnownFileType = sourcecode.c.h; path = AFSecurityPolicy.h; sourceTree = "<group>"; };
		521223671A201CA800466623 /* AFSecurityPolicy.m */ = {isa = PBXFileReference; fileEncoding = 4; lastKnownFileType = sourcecode.c.objc; path = AFSecurityPolicy.m; sourceTree = "<group>"; };
		521223681A201CA800466623 /* AFURLConnectionOperation.h */ = {isa = PBXFileReference; fileEncoding = 4; lastKnownFileType = sourcecode.c.h; path = AFURLConnectionOperation.h; sourceTree = "<group>"; };
		521223691A201CA800466623 /* AFURLConnectionOperation.m */ = {isa = PBXFileReference; fileEncoding = 4; lastKnownFileType = sourcecode.c.objc; path = AFURLConnectionOperation.m; sourceTree = "<group>"; };
		5212236A1A201CA800466623 /* AFURLRequestSerialization.h */ = {isa = PBXFileReference; fileEncoding = 4; lastKnownFileType = sourcecode.c.h; path = AFURLRequestSerialization.h; sourceTree = "<group>"; };
		5212236B1A201CA800466623 /* AFURLRequestSerialization.m */ = {isa = PBXFileReference; fileEncoding = 4; lastKnownFileType = sourcecode.c.objc; path = AFURLRequestSerialization.m; sourceTree = "<group>"; };
		5212236C1A201CA800466623 /* AFURLResponseSerialization.h */ = {isa = PBXFileReference; fileEncoding = 4; lastKnownFileType = sourcecode.c.h; path = AFURLResponseSerialization.h; sourceTree = "<group>"; };
		5212236D1A201CA800466623 /* AFURLResponseSerialization.m */ = {isa = PBXFileReference; fileEncoding = 4; lastKnownFileType = sourcecode.c.objc; path = AFURLResponseSerialization.m; sourceTree = "<group>"; };
		5212236E1A201CA800466623 /* AFURLSessionManager.h */ = {isa = PBXFileReference; fileEncoding = 4; lastKnownFileType = sourcecode.c.h; path = AFURLSessionManager.h; sourceTree = "<group>"; };
		5212236F1A201CA800466623 /* AFURLSessionManager.m */ = {isa = PBXFileReference; fileEncoding = 4; lastKnownFileType = sourcecode.c.objc; path = AFURLSessionManager.m; sourceTree = "<group>"; };
		521223711A201CA800466623 /* AFNetworkActivityIndicatorManager.h */ = {isa = PBXFileReference; fileEncoding = 4; lastKnownFileType = sourcecode.c.h; path = AFNetworkActivityIndicatorManager.h; sourceTree = "<group>"; };
		521223721A201CA800466623 /* AFNetworkActivityIndicatorManager.m */ = {isa = PBXFileReference; fileEncoding = 4; lastKnownFileType = sourcecode.c.objc; path = AFNetworkActivityIndicatorManager.m; sourceTree = "<group>"; };
		521223731A201CA800466623 /* UIActivityIndicatorView+AFNetworking.h */ = {isa = PBXFileReference; fileEncoding = 4; lastKnownFileType = sourcecode.c.h; path = "UIActivityIndicatorView+AFNetworking.h"; sourceTree = "<group>"; };
		521223741A201CA800466623 /* UIActivityIndicatorView+AFNetworking.m */ = {isa = PBXFileReference; fileEncoding = 4; lastKnownFileType = sourcecode.c.objc; path = "UIActivityIndicatorView+AFNetworking.m"; sourceTree = "<group>"; };
		521223751A201CA800466623 /* UIAlertView+AFNetworking.h */ = {isa = PBXFileReference; fileEncoding = 4; lastKnownFileType = sourcecode.c.h; path = "UIAlertView+AFNetworking.h"; sourceTree = "<group>"; };
		521223761A201CA800466623 /* UIAlertView+AFNetworking.m */ = {isa = PBXFileReference; fileEncoding = 4; lastKnownFileType = sourcecode.c.objc; path = "UIAlertView+AFNetworking.m"; sourceTree = "<group>"; };
		521223771A201CA800466623 /* UIButton+AFNetworking.h */ = {isa = PBXFileReference; fileEncoding = 4; lastKnownFileType = sourcecode.c.h; path = "UIButton+AFNetworking.h"; sourceTree = "<group>"; };
		521223781A201CA800466623 /* UIButton+AFNetworking.m */ = {isa = PBXFileReference; fileEncoding = 4; lastKnownFileType = sourcecode.c.objc; path = "UIButton+AFNetworking.m"; sourceTree = "<group>"; };
		521223791A201CA800466623 /* UIImageView+AFNetworking.h */ = {isa = PBXFileReference; fileEncoding = 4; lastKnownFileType = sourcecode.c.h; path = "UIImageView+AFNetworking.h"; sourceTree = "<group>"; };
		5212237A1A201CA800466623 /* UIImageView+AFNetworking.m */ = {isa = PBXFileReference; fileEncoding = 4; lastKnownFileType = sourcecode.c.objc; path = "UIImageView+AFNetworking.m"; sourceTree = "<group>"; };
		5212237B1A201CA800466623 /* UIKit+AFNetworking.h */ = {isa = PBXFileReference; fileEncoding = 4; lastKnownFileType = sourcecode.c.h; path = "UIKit+AFNetworking.h"; sourceTree = "<group>"; };
		5212237C1A201CA800466623 /* UIProgressView+AFNetworking.h */ = {isa = PBXFileReference; fileEncoding = 4; lastKnownFileType = sourcecode.c.h; path = "UIProgressView+AFNetworking.h"; sourceTree = "<group>"; };
		5212237D1A201CA800466623 /* UIProgressView+AFNetworking.m */ = {isa = PBXFileReference; fileEncoding = 4; lastKnownFileType = sourcecode.c.objc; path = "UIProgressView+AFNetworking.m"; sourceTree = "<group>"; };
		5212237E1A201CA800466623 /* UIRefreshControl+AFNetworking.h */ = {isa = PBXFileReference; fileEncoding = 4; lastKnownFileType = sourcecode.c.h; path = "UIRefreshControl+AFNetworking.h"; sourceTree = "<group>"; };
		5212237F1A201CA800466623 /* UIRefreshControl+AFNetworking.m */ = {isa = PBXFileReference; fileEncoding = 4; lastKnownFileType = sourcecode.c.objc; path = "UIRefreshControl+AFNetworking.m"; sourceTree = "<group>"; };
		521223801A201CA800466623 /* UIWebView+AFNetworking.h */ = {isa = PBXFileReference; fileEncoding = 4; lastKnownFileType = sourcecode.c.h; path = "UIWebView+AFNetworking.h"; sourceTree = "<group>"; };
		521223811A201CA800466623 /* UIWebView+AFNetworking.m */ = {isa = PBXFileReference; fileEncoding = 4; lastKnownFileType = sourcecode.c.objc; path = "UIWebView+AFNetworking.m"; sourceTree = "<group>"; };
		521223931A20278300466623 /* VerifyViewController.h */ = {isa = PBXFileReference; fileEncoding = 4; lastKnownFileType = sourcecode.c.h; name = VerifyViewController.h; path = ../VerifyViewController.h; sourceTree = "<group>"; };
		521223941A20278300466623 /* VerifyViewController.m */ = {isa = PBXFileReference; fileEncoding = 4; lastKnownFileType = sourcecode.c.objc; name = VerifyViewController.m; path = ../VerifyViewController.m; sourceTree = "<group>"; };
		52431F1A1A2004FA00CDBCCE /* WhosHungry.app */ = {isa = PBXFileReference; explicitFileType = wrapper.application; includeInIndex = 0; path = WhosHungry.app; sourceTree = BUILT_PRODUCTS_DIR; };
		52431F1E1A2004FA00CDBCCE /* Info.plist */ = {isa = PBXFileReference; lastKnownFileType = text.plist.xml; path = Info.plist; sourceTree = "<group>"; };
		52431F1F1A2004FA00CDBCCE /* main.m */ = {isa = PBXFileReference; lastKnownFileType = sourcecode.c.objc; path = main.m; sourceTree = "<group>"; };
		52431F211A2004FA00CDBCCE /* AppDelegate.h */ = {isa = PBXFileReference; lastKnownFileType = sourcecode.c.h; path = AppDelegate.h; sourceTree = "<group>"; };
		52431F221A2004FA00CDBCCE /* AppDelegate.m */ = {isa = PBXFileReference; lastKnownFileType = sourcecode.c.objc; path = AppDelegate.m; sourceTree = "<group>"; };
		52431F241A2004FA00CDBCCE /* FirstViewController.h */ = {isa = PBXFileReference; lastKnownFileType = sourcecode.c.h; path = FirstViewController.h; sourceTree = "<group>"; };
		52431F251A2004FA00CDBCCE /* FirstViewController.m */ = {isa = PBXFileReference; lastKnownFileType = sourcecode.c.objc; path = FirstViewController.m; sourceTree = "<group>"; };
		52431F271A2004FA00CDBCCE /* SecondViewController.h */ = {isa = PBXFileReference; lastKnownFileType = sourcecode.c.h; path = SecondViewController.h; sourceTree = "<group>"; };
		52431F281A2004FA00CDBCCE /* SecondViewController.m */ = {isa = PBXFileReference; lastKnownFileType = sourcecode.c.objc; path = SecondViewController.m; sourceTree = "<group>"; };
		52431F2B1A2004FA00CDBCCE /* Base */ = {isa = PBXFileReference; lastKnownFileType = file.storyboard; name = Base; path = Base.lproj/Main.storyboard; sourceTree = "<group>"; };
		52431F2D1A2004FA00CDBCCE /* Images.xcassets */ = {isa = PBXFileReference; lastKnownFileType = folder.assetcatalog; path = Images.xcassets; sourceTree = "<group>"; };
		52431F301A2004FB00CDBCCE /* Base */ = {isa = PBXFileReference; lastKnownFileType = file.xib; name = Base; path = Base.lproj/LaunchScreen.xib; sourceTree = "<group>"; };
		52431F361A2004FB00CDBCCE /* WhosHungryTests.xctest */ = {isa = PBXFileReference; explicitFileType = wrapper.cfbundle; includeInIndex = 0; path = WhosHungryTests.xctest; sourceTree = BUILT_PRODUCTS_DIR; };
		52431F3B1A2004FB00CDBCCE /* Info.plist */ = {isa = PBXFileReference; lastKnownFileType = text.plist.xml; path = Info.plist; sourceTree = "<group>"; };
		52431F3C1A2004FB00CDBCCE /* WhosHungryTests.m */ = {isa = PBXFileReference; lastKnownFileType = sourcecode.c.objc; path = WhosHungryTests.m; sourceTree = "<group>"; };
/* End PBXFileReference section */

/* Begin PBXFrameworksBuildPhase section */
		52431F171A2004FA00CDBCCE /* Frameworks */ = {
			isa = PBXFrameworksBuildPhase;
			buildActionMask = 2147483647;
			files = (
			);
			runOnlyForDeploymentPostprocessing = 0;
		};
		52431F331A2004FB00CDBCCE /* Frameworks */ = {
			isa = PBXFrameworksBuildPhase;
			buildActionMask = 2147483647;
			files = (
			);
			runOnlyForDeploymentPostprocessing = 0;
		};
/* End PBXFrameworksBuildPhase section */

/* Begin PBXGroup section */
		5212235C1A201CA800466623 /* AFNetworking */ = {
			isa = PBXGroup;
			children = (
				5212235D1A201CA800466623 /* AFHTTPRequestOperation.h */,
				5212235E1A201CA800466623 /* AFHTTPRequestOperation.m */,
				5212235F1A201CA800466623 /* AFHTTPRequestOperationManager.h */,
				521223601A201CA800466623 /* AFHTTPRequestOperationManager.m */,
				521223611A201CA800466623 /* AFHTTPSessionManager.h */,
				521223621A201CA800466623 /* AFHTTPSessionManager.m */,
				521223631A201CA800466623 /* AFNetworking.h */,
				521223641A201CA800466623 /* AFNetworkReachabilityManager.h */,
				521223651A201CA800466623 /* AFNetworkReachabilityManager.m */,
				521223661A201CA800466623 /* AFSecurityPolicy.h */,
				521223671A201CA800466623 /* AFSecurityPolicy.m */,
				521223681A201CA800466623 /* AFURLConnectionOperation.h */,
				521223691A201CA800466623 /* AFURLConnectionOperation.m */,
				5212236A1A201CA800466623 /* AFURLRequestSerialization.h */,
				5212236B1A201CA800466623 /* AFURLRequestSerialization.m */,
				5212236C1A201CA800466623 /* AFURLResponseSerialization.h */,
				5212236D1A201CA800466623 /* AFURLResponseSerialization.m */,
				5212236E1A201CA800466623 /* AFURLSessionManager.h */,
				5212236F1A201CA800466623 /* AFURLSessionManager.m */,
			);
			path = AFNetworking;
			sourceTree = "<group>";
		};
		521223701A201CA800466623 /* UIKit+AFNetworking */ = {
			isa = PBXGroup;
			children = (
				521223711A201CA800466623 /* AFNetworkActivityIndicatorManager.h */,
				521223721A201CA800466623 /* AFNetworkActivityIndicatorManager.m */,
				521223731A201CA800466623 /* UIActivityIndicatorView+AFNetworking.h */,
				521223741A201CA800466623 /* UIActivityIndicatorView+AFNetworking.m */,
				521223751A201CA800466623 /* UIAlertView+AFNetworking.h */,
				521223761A201CA800466623 /* UIAlertView+AFNetworking.m */,
				521223771A201CA800466623 /* UIButton+AFNetworking.h */,
				521223781A201CA800466623 /* UIButton+AFNetworking.m */,
				521223791A201CA800466623 /* UIImageView+AFNetworking.h */,
				5212237A1A201CA800466623 /* UIImageView+AFNetworking.m */,
				5212237B1A201CA800466623 /* UIKit+AFNetworking.h */,
				5212237C1A201CA800466623 /* UIProgressView+AFNetworking.h */,
				5212237D1A201CA800466623 /* UIProgressView+AFNetworking.m */,
				5212237E1A201CA800466623 /* UIRefreshControl+AFNetworking.h */,
				5212237F1A201CA800466623 /* UIRefreshControl+AFNetworking.m */,
				521223801A201CA800466623 /* UIWebView+AFNetworking.h */,
				521223811A201CA800466623 /* UIWebView+AFNetworking.m */,
			);
			path = "UIKit+AFNetworking";
			sourceTree = "<group>";
		};
		52431F111A2004FA00CDBCCE = {
			isa = PBXGroup;
			children = (
				5212235C1A201CA800466623 /* AFNetworking */,
				521223701A201CA800466623 /* UIKit+AFNetworking */,
				52431F1C1A2004FA00CDBCCE /* WhosHungry */,
				52431F391A2004FB00CDBCCE /* WhosHungryTests */,
				52431F1B1A2004FA00CDBCCE /* Products */,
			);
			sourceTree = "<group>";
		};
		52431F1B1A2004FA00CDBCCE /* Products */ = {
			isa = PBXGroup;
			children = (
				52431F1A1A2004FA00CDBCCE /* WhosHungry.app */,
				52431F361A2004FB00CDBCCE /* WhosHungryTests.xctest */,
			);
			name = Products;
			sourceTree = "<group>";
		};
		52431F1C1A2004FA00CDBCCE /* WhosHungry */ = {
			isa = PBXGroup;
			children = (
				521223931A20278300466623 /* VerifyViewController.h */,
				521223941A20278300466623 /* VerifyViewController.m */,
				52431F211A2004FA00CDBCCE /* AppDelegate.h */,
				52431F221A2004FA00CDBCCE /* AppDelegate.m */,
				52431F241A2004FA00CDBCCE /* FirstViewController.h */,
				52431F251A2004FA00CDBCCE /* FirstViewController.m */,
				52431F271A2004FA00CDBCCE /* SecondViewController.h */,
				52431F281A2004FA00CDBCCE /* SecondViewController.m */,
				52431F2A1A2004FA00CDBCCE /* Main.storyboard */,
				521223221A20102F00466623 /* ViewController.h */,
				521223231A20102F00466623 /* ViewController.m */,
				52431F2D1A2004FA00CDBCCE /* Images.xcassets */,
				52431F2F1A2004FB00CDBCCE /* LaunchScreen.xib */,
				52431F1D1A2004FA00CDBCCE /* Supporting Files */,
			);
			path = WhosHungry;
			sourceTree = "<group>";
		};
		52431F1D1A2004FA00CDBCCE /* Supporting Files */ = {
			isa = PBXGroup;
			children = (
				52431F1E1A2004FA00CDBCCE /* Info.plist */,
				52431F1F1A2004FA00CDBCCE /* main.m */,
			);
			name = "Supporting Files";
			sourceTree = "<group>";
		};
		52431F391A2004FB00CDBCCE /* WhosHungryTests */ = {
			isa = PBXGroup;
			children = (
				52431F3C1A2004FB00CDBCCE /* WhosHungryTests.m */,
				52431F3A1A2004FB00CDBCCE /* Supporting Files */,
			);
			path = WhosHungryTests;
			sourceTree = "<group>";
		};
		52431F3A1A2004FB00CDBCCE /* Supporting Files */ = {
			isa = PBXGroup;
			children = (
				52431F3B1A2004FB00CDBCCE /* Info.plist */,
			);
			name = "Supporting Files";
			sourceTree = "<group>";
		};
/* End PBXGroup section */

/* Begin PBXNativeTarget section */
		52431F191A2004FA00CDBCCE /* WhosHungry */ = {
			isa = PBXNativeTarget;
			buildConfigurationList = 52431F401A2004FB00CDBCCE /* Build configuration list for PBXNativeTarget "WhosHungry" */;
			buildPhases = (
				52431F161A2004FA00CDBCCE /* Sources */,
				52431F171A2004FA00CDBCCE /* Frameworks */,
				52431F181A2004FA00CDBCCE /* Resources */,
			);
			buildRules = (
			);
			dependencies = (
			);
			name = WhosHungry;
			productName = WhosHungry;
			productReference = 52431F1A1A2004FA00CDBCCE /* WhosHungry.app */;
			productType = "com.apple.product-type.application";
		};
		52431F351A2004FB00CDBCCE /* WhosHungryTests */ = {
			isa = PBXNativeTarget;
			buildConfigurationList = 52431F431A2004FB00CDBCCE /* Build configuration list for PBXNativeTarget "WhosHungryTests" */;
			buildPhases = (
				52431F321A2004FB00CDBCCE /* Sources */,
				52431F331A2004FB00CDBCCE /* Frameworks */,
				52431F341A2004FB00CDBCCE /* Resources */,
			);
			buildRules = (
			);
			dependencies = (
				52431F381A2004FB00CDBCCE /* PBXTargetDependency */,
			);
			name = WhosHungryTests;
			productName = WhosHungryTests;
			productReference = 52431F361A2004FB00CDBCCE /* WhosHungryTests.xctest */;
			productType = "com.apple.product-type.bundle.unit-test";
		};
/* End PBXNativeTarget section */

/* Begin PBXProject section */
		52431F121A2004FA00CDBCCE /* Project object */ = {
			isa = PBXProject;
			attributes = {
				LastUpgradeCheck = 0610;
				ORGANIZATIONNAME = "Muhammad Doukmak";
				TargetAttributes = {
					52431F191A2004FA00CDBCCE = {
						CreatedOnToolsVersion = 6.1;
					};
					52431F351A2004FB00CDBCCE = {
						CreatedOnToolsVersion = 6.1;
						TestTargetID = 52431F191A2004FA00CDBCCE;
					};
				};
			};
			buildConfigurationList = 52431F151A2004FA00CDBCCE /* Build configuration list for PBXProject "WhosHungry" */;
			compatibilityVersion = "Xcode 3.2";
			developmentRegion = English;
			hasScannedForEncodings = 0;
			knownRegions = (
				en,
				Base,
			);
			mainGroup = 52431F111A2004FA00CDBCCE;
			productRefGroup = 52431F1B1A2004FA00CDBCCE /* Products */;
			projectDirPath = "";
			projectRoot = "";
			targets = (
				52431F191A2004FA00CDBCCE /* WhosHungry */,
				52431F351A2004FB00CDBCCE /* WhosHungryTests */,
			);
		};
/* End PBXProject section */

/* Begin PBXResourcesBuildPhase section */
		52431F181A2004FA00CDBCCE /* Resources */ = {
			isa = PBXResourcesBuildPhase;
			buildActionMask = 2147483647;
			files = (
				52431F2C1A2004FA00CDBCCE /* Main.storyboard in Resources */,
				52431F311A2004FB00CDBCCE /* LaunchScreen.xib in Resources */,
				52431F2E1A2004FA00CDBCCE /* Images.xcassets in Resources */,
			);
			runOnlyForDeploymentPostprocessing = 0;
		};
		52431F341A2004FB00CDBCCE /* Resources */ = {
			isa = PBXResourcesBuildPhase;
			buildActionMask = 2147483647;
			files = (
			);
			runOnlyForDeploymentPostprocessing = 0;
		};
/* End PBXResourcesBuildPhase section */

/* Begin PBXSourcesBuildPhase section */
		52431F161A2004FA00CDBCCE /* Sources */ = {
			isa = PBXSourcesBuildPhase;
			buildActionMask = 2147483647;
			files = (
				521223871A201CA800466623 /* AFURLConnectionOperation.m in Sources */,
				521223821A201CA800466623 /* AFHTTPRequestOperation.m in Sources */,
				5212238E1A201CA800466623 /* UIButton+AFNetworking.m in Sources */,
				521223851A201CA800466623 /* AFNetworkReachabilityManager.m in Sources */,
				521223901A201CA800466623 /* UIProgressView+AFNetworking.m in Sources */,
				5212238A1A201CA800466623 /* AFURLSessionManager.m in Sources */,
				521223881A201CA800466623 /* AFURLRequestSerialization.m in Sources */,
				52431F291A2004FA00CDBCCE /* SecondViewController.m in Sources */,
				521223911A201CA800466623 /* UIRefreshControl+AFNetworking.m in Sources */,
				521223891A201CA800466623 /* AFURLResponseSerialization.m in Sources */,
				52431F231A2004FA00CDBCCE /* AppDelegate.m in Sources */,
				5212238F1A201CA800466623 /* UIImageView+AFNetworking.m in Sources */,
				52431F261A2004FA00CDBCCE /* FirstViewController.m in Sources */,
				5212238D1A201CA800466623 /* UIAlertView+AFNetworking.m in Sources */,
				521223831A201CA800466623 /* AFHTTPRequestOperationManager.m in Sources */,
				521223861A201CA800466623 /* AFSecurityPolicy.m in Sources */,
				521223921A201CA800466623 /* UIWebView+AFNetworking.m in Sources */,
				52431F201A2004FA00CDBCCE /* main.m in Sources */,
				521223241A20102F00466623 /* ViewController.m in Sources */,
				521223841A201CA800466623 /* AFHTTPSessionManager.m in Sources */,
				5212238C1A201CA800466623 /* UIActivityIndicatorView+AFNetworking.m in Sources */,
				5212238B1A201CA800466623 /* AFNetworkActivityIndicatorManager.m in Sources */,
				521223951A20278300466623 /* VerifyViewController.m in Sources */,
			);
			runOnlyForDeploymentPostprocessing = 0;
		};
		52431F321A2004FB00CDBCCE /* Sources */ = {
			isa = PBXSourcesBuildPhase;
			buildActionMask = 2147483647;
			files = (
				52431F3D1A2004FB00CDBCCE /* WhosHungryTests.m in Sources */,
			);
			runOnlyForDeploymentPostprocessing = 0;
		};
/* End PBXSourcesBuildPhase section */

/* Begin PBXTargetDependency section */
		52431F381A2004FB00CDBCCE /* PBXTargetDependency */ = {
			isa = PBXTargetDependency;
			target = 52431F191A2004FA00CDBCCE /* WhosHungry */;
			targetProxy = 52431F371A2004FB00CDBCCE /* PBXContainerItemProxy */;
		};
/* End PBXTargetDependency section */

/* Begin PBXVariantGroup section */
		52431F2A1A2004FA00CDBCCE /* Main.storyboard */ = {
			isa = PBXVariantGroup;
			children = (
				52431F2B1A2004FA00CDBCCE /* Base */,
			);
			name = Main.storyboard;
			sourceTree = "<group>";
		};
		52431F2F1A2004FB00CDBCCE /* LaunchScreen.xib */ = {
			isa = PBXVariantGroup;
			children = (
				52431F301A2004FB00CDBCCE /* Base */,
			);
			name = LaunchScreen.xib;
			sourceTree = "<group>";
		};
/* End PBXVariantGroup section */

/* Begin XCBuildConfiguration section */
		52431F3E1A2004FB00CDBCCE /* Debug */ = {
			isa = XCBuildConfiguration;
			buildSettings = {
				ALWAYS_SEARCH_USER_PATHS = NO;
				CLANG_CXX_LANGUAGE_STANDARD = "gnu++0x";
				CLANG_CXX_LIBRARY = "libc++";
				CLANG_ENABLE_MODULES = YES;
				CLANG_ENABLE_OBJC_ARC = YES;
				CLANG_WARN_BOOL_CONVERSION = YES;
				CLANG_WARN_CONSTANT_CONVERSION = YES;
				CLANG_WARN_DIRECT_OBJC_ISA_USAGE = YES_ERROR;
				CLANG_WARN_EMPTY_BODY = YES;
				CLANG_WARN_ENUM_CONVERSION = YES;
				CLANG_WARN_INT_CONVERSION = YES;
				CLANG_WARN_OBJC_ROOT_CLASS = YES_ERROR;
				CLANG_WARN_UNREACHABLE_CODE = YES;
				CLANG_WARN__DUPLICATE_METHOD_MATCH = YES;
				"CODE_SIGN_IDENTITY[sdk=iphoneos*]" = "iPhone Developer";
				COPY_PHASE_STRIP = NO;
				ENABLE_STRICT_OBJC_MSGSEND = YES;
				GCC_C_LANGUAGE_STANDARD = gnu99;
				GCC_DYNAMIC_NO_PIC = NO;
				GCC_OPTIMIZATION_LEVEL = 0;
				GCC_PREPROCESSOR_DEFINITIONS = (
					"DEBUG=1",
					"$(inherited)",
				);
				GCC_SYMBOLS_PRIVATE_EXTERN = NO;
				GCC_WARN_64_TO_32_BIT_CONVERSION = YES;
				GCC_WARN_ABOUT_RETURN_TYPE = YES_ERROR;
				GCC_WARN_UNDECLARED_SELECTOR = YES;
				GCC_WARN_UNINITIALIZED_AUTOS = YES_AGGRESSIVE;
				GCC_WARN_UNUSED_FUNCTION = YES;
				GCC_WARN_UNUSED_VARIABLE = YES;
				IPHONEOS_DEPLOYMENT_TARGET = 8.1;
				MTL_ENABLE_DEBUG_INFO = YES;
				ONLY_ACTIVE_ARCH = YES;
				SDKROOT = iphoneos;
			};
			name = Debug;
		};
		52431F3F1A2004FB00CDBCCE /* Release */ = {
			isa = XCBuildConfiguration;
			buildSettings = {
				ALWAYS_SEARCH_USER_PATHS = NO;
				CLANG_CXX_LANGUAGE_STANDARD = "gnu++0x";
				CLANG_CXX_LIBRARY = "libc++";
				CLANG_ENABLE_MODULES = YES;
				CLANG_ENABLE_OBJC_ARC = YES;
				CLANG_WARN_BOOL_CONVERSION = YES;
				CLANG_WARN_CONSTANT_CONVERSION = YES;
				CLANG_WARN_DIRECT_OBJC_ISA_USAGE = YES_ERROR;
				CLANG_WARN_EMPTY_BODY = YES;
				CLANG_WARN_ENUM_CONVERSION = YES;
				CLANG_WARN_INT_CONVERSION = YES;
				CLANG_WARN_OBJC_ROOT_CLASS = YES_ERROR;
				CLANG_WARN_UNREACHABLE_CODE = YES;
				CLANG_WARN__DUPLICATE_METHOD_MATCH = YES;
				"CODE_SIGN_IDENTITY[sdk=iphoneos*]" = "iPhone Developer";
				COPY_PHASE_STRIP = YES;
				ENABLE_NS_ASSERTIONS = NO;
				ENABLE_STRICT_OBJC_MSGSEND = YES;
				GCC_C_LANGUAGE_STANDARD = gnu99;
				GCC_WARN_64_TO_32_BIT_CONVERSION = YES;
				GCC_WARN_ABOUT_RETURN_TYPE = YES_ERROR;
				GCC_WARN_UNDECLARED_SELECTOR = YES;
				GCC_WARN_UNINITIALIZED_AUTOS = YES_AGGRESSIVE;
				GCC_WARN_UNUSED_FUNCTION = YES;
				GCC_WARN_UNUSED_VARIABLE = YES;
				IPHONEOS_DEPLOYMENT_TARGET = 8.1;
				MTL_ENABLE_DEBUG_INFO = NO;
				SDKROOT = iphoneos;
				VALIDATE_PRODUCT = YES;
			};
			name = Release;
		};
		52431F411A2004FB00CDBCCE /* Debug */ = {
			isa = XCBuildConfiguration;
			buildSettings = {
				ASSETCATALOG_COMPILER_APPICON_NAME = AppIcon;
				INFOPLIST_FILE = WhosHungry/Info.plist;
				LD_RUNPATH_SEARCH_PATHS = "$(inherited) @executable_path/Frameworks";
				PRODUCT_NAME = "$(TARGET_NAME)";
			};
			name = Debug;
		};
		52431F421A2004FB00CDBCCE /* Release */ = {
			isa = XCBuildConfiguration;
			buildSettings = {
				ASSETCATALOG_COMPILER_APPICON_NAME = AppIcon;
				INFOPLIST_FILE = WhosHungry/Info.plist;
				LD_RUNPATH_SEARCH_PATHS = "$(inherited) @executable_path/Frameworks";
				PRODUCT_NAME = "$(TARGET_NAME)";
			};
			name = Release;
		};
		52431F441A2004FB00CDBCCE /* Debug */ = {
			isa = XCBuildConfiguration;
			buildSettings = {
				BUNDLE_LOADER = "$(TEST_HOST)";
				FRAMEWORK_SEARCH_PATHS = (
					"$(SDKROOT)/Developer/Library/Frameworks",
					"$(inherited)",
				);
				GCC_PREPROCESSOR_DEFINITIONS = (
					"DEBUG=1",
					"$(inherited)",
				);
				INFOPLIST_FILE = WhosHungryTests/Info.plist;
				LD_RUNPATH_SEARCH_PATHS = "$(inherited) @executable_path/Frameworks @loader_path/Frameworks";
				PRODUCT_NAME = "$(TARGET_NAME)";
				TEST_HOST = "$(BUILT_PRODUCTS_DIR)/WhosHungry.app/WhosHungry";
			};
			name = Debug;
		};
		52431F451A2004FB00CDBCCE /* Release */ = {
			isa = XCBuildConfiguration;
			buildSettings = {
				BUNDLE_LOADER = "$(TEST_HOST)";
				FRAMEWORK_SEARCH_PATHS = (
					"$(SDKROOT)/Developer/Library/Frameworks",
					"$(inherited)",
				);
				INFOPLIST_FILE = WhosHungryTests/Info.plist;
				LD_RUNPATH_SEARCH_PATHS = "$(inherited) @executable_path/Frameworks @loader_path/Frameworks";
				PRODUCT_NAME = "$(TARGET_NAME)";
				TEST_HOST = "$(BUILT_PRODUCTS_DIR)/WhosHungry.app/WhosHungry";
			};
			name = Release;
		};
/* End XCBuildConfiguration section */

/* Begin XCConfigurationList section */
		52431F151A2004FA00CDBCCE /* Build configuration list for PBXProject "WhosHungry" */ = {
			isa = XCConfigurationList;
			buildConfigurations = (
				52431F3E1A2004FB00CDBCCE /* Debug */,
				52431F3F1A2004FB00CDBCCE /* Release */,
			);
			defaultConfigurationIsVisible = 0;
			defaultConfigurationName = Release;
		};
		52431F401A2004FB00CDBCCE /* Build configuration list for PBXNativeTarget "WhosHungry" */ = {
			isa = XCConfigurationList;
			buildConfigurations = (
				52431F411A2004FB00CDBCCE /* Debug */,
				52431F421A2004FB00CDBCCE /* Release */,
			);
			defaultConfigurationIsVisible = 0;
			defaultConfigurationName = Release;
		};
		52431F431A2004FB00CDBCCE /* Build configuration list for PBXNativeTarget "WhosHungryTests" */ = {
			isa = XCConfigurationList;
			buildConfigurations = (
				52431F441A2004FB00CDBCCE /* Debug */,
				52431F451A2004FB00CDBCCE /* Release */,
			);
			defaultConfigurationIsVisible = 0;
			defaultConfigurationName = Release;
		};
/* End XCConfigurationList section */
	};
	rootObject = 52431F121A2004FA00CDBCCE /* Project object */;
}
